# THIS IS AN AUTOGENERATED FILE. DO NOT EDIT THIS FILE DIRECTLY.
# yarn lockfile v1


ccapture.js@^1.1.0:
  version "1.1.0"
  resolved "https://registry.yarnpkg.com/ccapture.js/-/ccapture.js-1.1.0.tgz#ac4030e8b43847e305242d784abf284d2313beff"
  integrity sha512-28kiHJzFsZ6b0OTfKpWpEwK2n/LTAgytK1uzB+413dzjHltdh2hP5Yg2qR0+9Xw3XoBMz5UkGCh8Ektr2rVlmw==

eslint-config-p5js@^1.1.0:
  version "1.1.0"
  resolved "https://registry.yarnpkg.com/eslint-config-p5js/-/eslint-config-p5js-1.1.0.tgz#7596f9cccbe008a24670b1e725328229e65dd29d"
  integrity sha512-JBa5dAa3R4tpHhf27G2wznnlFR+bjJaN11hxQ/qUk1nVYjWtyQuT7hAIZuNUTmx1WiFcv6eUuw7oXhc44Nw9dg==

p5@^1.4.1:
  version "1.4.1"
  resolved "https://registry.yarnpkg.com/p5/-/p5-1.4.1.tgz#979739a576eb566225642b5d25cf7bb8945b70dd"
  integrity sha512-3/X+qb0bK2Cg8nuZNpZZvzxkeUSRghOf0S+l8c+U8yIkUTVSbbcV0R8y96rx3InVBVhk8cH9kFC93VlZZElqSw==
